
Microsoft Visual Studio Solution File, Format Version 12.00
# Visual Studio 14
VisualStudioVersion = 14.0.25123.0
MinimumVisualStudioVersion = 10.0.40219.1
Project("{FAE04EC0-301F-11D3-BF4B-00C04F79EFBC}") = "LunchDemo", "LunchDemo\LunchDemo.csproj", "{E088370C-2502-4F90-BE16-D30DE21CDB87}"
EndProject
Project("{FAE04EC0-301F-11D3-BF4B-00C04F79EFBC}") = "CashRegister", "CashRegister\CashRegister.csproj", "{95AB9905-DAC5-4902-AF12-FF817ED7CB53}"
EndProject
Project("{FAE04EC0-301F-11D3-BF4B-00C04F79EFBC}") = "SchoolsDemo", "SchoolsDemo\SchoolsDemo.csproj", "{CD87E30A-81B0-487A-8342-7A6404E1629B}"
EndProject
Project("{FAE04EC0-301F-11D3-BF4B-00C04F79EFBC}") = "FriendList", "FriendList\FriendList.csproj", "{295B5845-CCC3-47AB-8033-BA0BF5047F20}"
EndProject
Project("{FAE04EC0-301F-11D3-BF4B-00C04F79EFBC}") = "FriendBirthday", "FriendBirthday\FriendBirthday.csproj", "{D7DB84CC-972D-4592-BD56-05243B30B6C2}"
EndProject
Global
	GlobalSection(SolutionConfigurationPlatforms) = preSolution
		Debug|Any CPU = Debug|Any CPU
		Release|Any CPU = Release|Any CPU
	EndGlobalSection
	GlobalSection(ProjectConfigurationPlatforms) = postSolution
		{E088370C-2502-4F90-BE16-D30DE21CDB87}.Debug|Any CPU.ActiveCfg = Debug|Any CPU
		{E088370C-2502-4F90-BE16-D30DE21CDB87}.Debug|Any CPU.Build.0 = Debug|Any CPU
		{E088370C-2502-4F90-BE16-D30DE21CDB87}.Release|Any CPU.ActiveCfg = Release|Any CPU
		{E088370C-2502-4F90-BE16-D30DE21CDB87}.Release|Any CPU.Build.0 = Release|Any CPU
		{95AB9905-DAC5-4902-AF12-FF817ED7CB53}.Debug|Any CPU.ActiveCfg = Debug|Any CPU
		{95AB9905-DAC5-4902-AF12-FF817ED7CB53}.Debug|Any CPU.Build.0 = Debug|Any CPU
		{95AB9905-DAC5-4902-AF12-FF817ED7CB53}.Release|Any CPU.ActiveCfg = Release|Any CPU
		{95AB9905-DAC5-4902-AF12-FF817ED7CB53}.Release|Any CPU.Build.0 = Release|Any CPU
		{CD87E30A-81B0-487A-8342-7A6404E1629B}.Debug|Any CPU.ActiveCfg = Debug|Any CPU
		{CD87E30A-81B0-487A-8342-7A6404E1629B}.Debug|Any CPU.Build.0 = Debug|Any CPU
		{CD87E30A-81B0-487A-8342-7A6404E1629B}.Release|Any CPU.ActiveCfg = Release|Any CPU
		{CD87E30A-81B0-487A-8342-7A6404E1629B}.Release|Any CPU.Build.0 = Release|Any CPU
		{295B5845-CCC3-47AB-8033-BA0BF5047F20}.Debug|Any CPU.ActiveCfg = Debug|Any CPU
		{295B5845-CCC3-47AB-8033-BA0BF5047F20}.Debug|Any CPU.Build.0 = Debug|Any CPU
		{295B5845-CCC3-47AB-8033-BA0BF5047F20}.Release|Any CPU.ActiveCfg = Release|Any CPU
		{295B5845-CCC3-47AB-8033-BA0BF5047F20}.Release|Any CPU.Build.0 = Release|Any CPU
		{D7DB84CC-972D-4592-BD56-05243B30B6C2}.Debug|Any CPU.ActiveCfg = Debug|Any CPU
		{D7DB84CC-972D-4592-BD56-05243B30B6C2}.Debug|Any CPU.Build.0 = Debug|Any CPU
		{D7DB84CC-972D-4592-BD56-05243B30B6C2}.Release|Any CPU.ActiveCfg = Release|Any CPU
		{D7DB84CC-972D-4592-BD56-05243B30B6C2}.Release|Any CPU.Build.0 = Release|Any CPU
	EndGlobalSection
	GlobalSection(SolutionProperties) = preSolution
		HideSolutionNode = FALSE
	EndGlobalSection
EndGlobal
